PODS:
  - CCInfiniteScrolling (0.6):
    - JRSwizzle
    - UIView+TKGeometry
  - JRSwizzle (1.0)
  - UIView+TKGeometry (0.2)

DEPENDENCIES:
  - CCInfiniteScrolling
  - UIView+TKGeometry

SPEC CHECKSUMS:
  CCInfiniteScrolling: 6e775003d7fd30c15d73338ee0bdb2db18ca0659
  JRSwizzle: dd5ead5d913a0f29e7f558200165849f006bb1e3
  UIView+TKGeometry: bef0d7727753910d66d6fa51a3128ae6908047ef

COCOAPODS: 0.39.0
