PODS:
  - CCInfiniteScrolling (0.5.4):
    - JRSwizzle
    - UIView+TKGeometry
  - JRSwizzle (1.0)
  - UIView+TKGeometry (0.2)

DEPENDENCIES:
  - CCInfiniteScrolling

SPEC CHECKSUMS:
  CCInfiniteScrolling: 54e0d467842b889a5a0cdb3978b22f319148561c
  JRSwizzle: dd5ead5d913a0f29e7f558200165849f006bb1e3
  UIView+TKGeometry: bef0d7727753910d66d6fa51a3128ae6908047ef

COCOAPODS: 0.39.0
